
Microsoft Visual Studio Solution File, Format Version 12.00
# Visual Studio Version 17
VisualStudioVersion = 17.9.34728.123
MinimumVisualStudioVersion = 10.0.40219.1
Project("{8BC9CEB8-8B4A-11D0-8D11-00A0C91BC942}") = "ReEngine", "ReEngine\ReEngine.vcxproj", "{D78CF5F4-3D34-4B42-9E51-EA7E3471A0C0}"
EndProject
Project("{8BC9CEB8-8B4A-11D0-8D11-00A0C91BC942}") = "ReEngineEditor", "ReEngineEditor\ReEngineEditor.vcxproj", "{6DC82D64-4255-4D27-8EDE-0F8246D153CD}"
EndProject
Global
	GlobalSection(SolutionConfigurationPlatforms) = preSolution
		Debug|x64 = Debug|x64
		Debug|x86 = Debug|x86
		Release|x64 = Release|x64
		Release|x86 = Release|x86
	EndGlobalSection
	GlobalSection(ProjectConfigurationPlatforms) = postSolution
		{D78CF5F4-3D34-4B42-9E51-EA7E3471A0C0}.Debug|x64.ActiveCfg = Debug|x64
		{D78CF5F4-3D34-4B42-9E51-EA7E3471A0C0}.Debug|x64.Build.0 = Debug|x64
		{D78CF5F4-3D34-4B42-9E51-EA7E3471A0C0}.Debug|x86.ActiveCfg = Debug|Win32
		{D78CF5F4-3D34-4B42-9E51-EA7E3471A0C0}.Debug|x86.Build.0 = Debug|Win32
		{D78CF5F4-3D34-4B42-9E51-EA7E3471A0C0}.Release|x64.ActiveCfg = Release|x64
		{D78CF5F4-3D34-4B42-9E51-EA7E3471A0C0}.Release|x64.Build.0 = Release|x64
		{D78CF5F4-3D34-4B42-9E51-EA7E3471A0C0}.Release|x86.ActiveCfg = Release|Win32
		{D78CF5F4-3D34-4B42-9E51-EA7E3471A0C0}.Release|x86.Build.0 = Release|Win32
		{6DC82D64-4255-4D27-8EDE-0F8246D153CD}.Debug|x64.ActiveCfg = Debug|x64
		{6DC82D64-4255-4D27-8EDE-0F8246D153CD}.Debug|x64.Build.0 = Debug|x64
		{6DC82D64-4255-4D27-8EDE-0F8246D153CD}.Debug|x86.ActiveCfg = Debug|Win32
		{6DC82D64-4255-4D27-8EDE-0F8246D153CD}.Debug|x86.Build.0 = Debug|Win32
		{6DC82D64-4255-4D27-8EDE-0F8246D153CD}.Release|x64.ActiveCfg = Release|x64
		{6DC82D64-4255-4D27-8EDE-0F8246D153CD}.Release|x64.Build.0 = Release|x64
		{6DC82D64-4255-4D27-8EDE-0F8246D153CD}.Release|x86.ActiveCfg = Release|Win32
		{6DC82D64-4255-4D27-8EDE-0F8246D153CD}.Release|x86.Build.0 = Release|Win32
	EndGlobalSection
	GlobalSection(SolutionProperties) = preSolution
		HideSolutionNode = FALSE
	EndGlobalSection
	GlobalSection(ExtensibilityGlobals) = postSolution
		SolutionGuid = {468CD3BD-CDD0-403A-A441-250CD65639F6}
	EndGlobalSection
EndGlobal
