Microsoft Visual Studio Solution File, Format Version 12.00
# Visual Studio Version 17
VisualStudioVersion = 17.0.31912.275
MinimumVisualStudioVersion = 10.0.40219.1
Project("{6877A01A-2686-49A4-B684-77746CDC95E5}") = "Showcase", "Showcase.vcxproj", "{9E4771EE-72DF-4ACD-B71A-A0D582425C40}"
EndProject
Global
	GlobalSection(SolutionConfigurationPlatforms) = preSolution
		Debug|x64 = Debug|x64
	EndGlobalSection
	GlobalSection(ProjectConfigurationPlatforms) = postSolution
		{9E4771EE-72DF-4ACD-B71A-A0D582425C40}.Debug|x64.ActiveCfg = Debug|x64
		{9E4771EE-72DF-4ACD-B71A-A0D582425C40}.Debug|x64.Build.0 = Debug|x64
	EndGlobalSection
	GlobalSection(SolutionProperties) = preSolution
		HideSolutionNode = FALSE
	EndGlobalSection
EndGlobal