<?xml version="1.0" encoding="utf-8"?>
<Project ToolsVersion="4.0" xmlns="http://schemas.microsoft.com/developer/msbuild/2003">
  <ItemGroup>
    <Filter Include="Pliki źródłowe">
      <UniqueIdentifier>{4FC737F1-C7A5-4376-A066-2A32D752A2FF}</UniqueIdentifier>
      <Extensions>cpp;c;cc;cxx;c++;cppm;ixx;def;odl;idl;hpj;bat;asm;asmx</Extensions>
    </Filter>
    <Filter Include="Pliki nagłówkowe">
      <UniqueIdentifier>{93995380-89BD-4b04-88EB-625FBE52EBFB}</UniqueIdentifier>
      <Extensions>h;hh;hpp;hxx;h++;hm;inl;inc;ipp;xsd</Extensions>
    </Filter>
    <Filter Include="Pliki zasobów">
      <UniqueIdentifier>{67DA6AB6-F800-4c08-8B7A-83BB121AAD01}</UniqueIdentifier>
      <Extensions>rc;ico;cur;bmp;dlg;rc2;rct;bin;rgs;gif;jpg;jpeg;jpe;resx;tiff;tif;png;wav;mfcribbon-ms</Extensions>
    </Filter>
    <Filter Include="Pliki źródłowe\System">
      <UniqueIdentifier>{2393ea5d-6d25-4e8d-9359-c1d53af7c375}</UniqueIdentifier>
    </Filter>
    <Filter Include="Pliki źródłowe\SystemApi">
      <UniqueIdentifier>{ca5d76cc-9ad8-49a7-b49c-bdb704afef40}</UniqueIdentifier>
    </Filter>
    <Filter Include="Pliki nagłówkowe\Api">
      <UniqueIdentifier>{35695a12-c4f3-41e8-9e0b-d316fff64e08}</UniqueIdentifier>
    </Filter>
    <Filter Include="Pliki nagłówkowe\Api\EngineApi">
      <UniqueIdentifier>{d1b4ada8-4dc2-439b-9052-2c4fed7e36ae}</UniqueIdentifier>
    </Filter>
    <Filter Include="Pliki nagłówkowe\Api\SystemApi">
      <UniqueIdentifier>{bb6fba35-926e-4fa2-9ff7-cc0cd7330dab}</UniqueIdentifier>
    </Filter>
    <Filter Include="Pliki źródłowe\Window">
      <UniqueIdentifier>{41c69438-8884-4912-9d44-86f1011cd2d6}</UniqueIdentifier>
    </Filter>
    <Filter Include="Pliki nagłówkowe\Window">
      <UniqueIdentifier>{d086c9d6-bdfc-47f9-9520-46ef9ceb96f1}</UniqueIdentifier>
    </Filter>
    <Filter Include="Pliki źródłowe\LayerManager">
      <UniqueIdentifier>{13a668b9-539e-4407-a3b7-4f0c0402aaa7}</UniqueIdentifier>
    </Filter>
    <Filter Include="Pliki źródłowe\MaterialSystem">
      <UniqueIdentifier>{651929f9-853a-46be-a969-f1434cb98db8}</UniqueIdentifier>
    </Filter>
    <Filter Include="Pliki nagłówkowe\MaterialSystem">
      <UniqueIdentifier>{a6c82373-5cf4-4733-af46-0c7f40e37cbe}</UniqueIdentifier>
    </Filter>
    <Filter Include="Pliki nagłówkowe\Graph">
      <UniqueIdentifier>{7362e6bc-8f61-4146-a645-db3bad1b3f0a}</UniqueIdentifier>
    </Filter>
    <Filter Include="Pliki nagłówkowe\Input">
      <UniqueIdentifier>{38e2b05e-5aa0-4387-995f-c07d2a6117bb}</UniqueIdentifier>
    </Filter>
    <Filter Include="Pliki nagłówkowe\Animation">
      <UniqueIdentifier>{d61ec87c-12fc-4d34-b767-0e4baa809c46}</UniqueIdentifier>
    </Filter>
  </ItemGroup>
  <ItemGroup>
    <ClCompile Include="System\System.cpp">
      <Filter>Pliki źródłowe\System</Filter>
    </ClCompile>
    <ClCompile Include="ProjectBuilder.cpp">
      <Filter>Pliki źródłowe</Filter>
    </ClCompile>
    <ClCompile Include="Shader.cpp">
      <Filter>Pliki źródłowe</Filter>
    </ClCompile>
    <ClCompile Include="Window\RenderContext.cpp">
      <Filter>Pliki źródłowe\Window</Filter>
    </ClCompile>
    <ClCompile Include="ILayerManager.h">
      <Filter>Pliki nagłówkowe\Api</Filter>
    </ClCompile>
    <ClCompile Include="ILayerManager.cpp">
      <Filter>Pliki źródłowe\LayerManager</Filter>
    </ClCompile>
    <ClCompile Include="Event.cpp">
      <Filter>Pliki źródłowe</Filter>
    </ClCompile>
    <ClCompile Include="ReScene.h">
      <Filter>Pliki nagłówkowe</Filter>
    </ClCompile>
    <ClCompile Include="MaterialSystem\Material.cpp">
      <Filter>Pliki źródłowe\MaterialSystem</Filter>
    </ClCompile>
    <ClCompile Include="IViewport.cpp">
      <Filter>Pliki źródłowe</Filter>
    </ClCompile>
    <ClCompile Include="ThreadPool.cpp">
      <Filter>Pliki źródłowe</Filter>
    </ClCompile>
    <ClCompile Include="InputManagerApi.h">
      <Filter>Pliki nagłówkowe</Filter>
    </ClCompile>
    <ClCompile Include="InputManagerApi.cpp">
      <Filter>Pliki źródłowe</Filter>
    </ClCompile>
    <ClCompile Include="ModuleLoader.cpp">
      <Filter>Pliki źródłowe</Filter>
    </ClCompile>
  </ItemGroup>
  <ItemGroup>
    <ClInclude Include="System\System.h">
      <Filter>Pliki nagłówkowe</Filter>
    </ClInclude>
    <ClInclude Include="Logger.h">
      <Filter>Pliki nagłówkowe</Filter>
    </ClInclude>
    <ClInclude Include="ReTypes.h">
      <Filter>Pliki nagłówkowe</Filter>
    </ClInclude>
    <ClInclude Include="ProjectBuilder.h">
      <Filter>Pliki nagłówkowe</Filter>
    </ClInclude>
    <ClInclude Include="CoreExport.h">
      <Filter>Pliki nagłówkowe</Filter>
    </ClInclude>
    <ClInclude Include="BaseApi.h">
      <Filter>Pliki nagłówkowe</Filter>
    </ClInclude>
    <ClInclude Include="Shader.h">
      <Filter>Pliki nagłówkowe</Filter>
    </ClInclude>
    <ClInclude Include="UIComponent.h">
      <Filter>Pliki nagłówkowe</Filter>
    </ClInclude>
    <ClInclude Include="RenderInterface.h">
      <Filter>Pliki nagłówkowe</Filter>
    </ClInclude>
    <ClInclude Include="Api\SystemApi\CoordinatorSystemApi.h">
      <Filter>Pliki nagłówkowe\Api\SystemApi</Filter>
    </ClInclude>
    <ClInclude Include="Api\EngineApi\CoordinatorEditorApi.h">
      <Filter>Pliki nagłówkowe\Api\EngineApi</Filter>
    </ClInclude>
    <ClInclude Include="RenderSystem.h">
      <Filter>Pliki nagłówkowe</Filter>
    </ClInclude>
    <ClInclude Include="Window\FrameBuffer.h">
      <Filter>Pliki nagłówkowe\Window</Filter>
    </ClInclude>
    <ClInclude Include="Window\IWindow.h">
      <Filter>Pliki nagłówkowe\Window</Filter>
    </ClInclude>
    <ClInclude Include="Window\RenderContext.h">
      <Filter>Pliki nagłówkowe\Window</Filter>
    </ClInclude>
    <ClInclude Include="ILayer.h">
      <Filter>Pliki nagłówkowe\Api</Filter>
    </ClInclude>
    <ClInclude Include="Event.h">
      <Filter>Pliki nagłówkowe</Filter>
    </ClInclude>
    <ClInclude Include="MaterialSystem\Material.h">
      <Filter>Pliki nagłówkowe\MaterialSystem</Filter>
    </ClInclude>
    <ClInclude Include="Graph\Node.h">
      <Filter>Pliki nagłówkowe\Graph</Filter>
    </ClInclude>
    <ClInclude Include="TextureData.h">
      <Filter>Pliki nagłówkowe</Filter>
    </ClInclude>
    <ClInclude Include="IViewport.h">
      <Filter>Pliki nagłówkowe</Filter>
    </ClInclude>
    <ClInclude Include="ReICommand.h">
      <Filter>Pliki nagłówkowe</Filter>
    </ClInclude>
    <ClInclude Include="Api\IApplicationApi.h">
      <Filter>Pliki nagłówkowe\Api</Filter>
    </ClInclude>
    <ClInclude Include="Api\AssetManagerApi.h">
      <Filter>Pliki nagłówkowe\Api</Filter>
    </ClInclude>
    <ClInclude Include="AssetFileFormat.h">
      <Filter>Pliki nagłówkowe</Filter>
    </ClInclude>
    <ClInclude Include="Api\ThreadPoolApi.h">
      <Filter>Pliki nagłówkowe\Api</Filter>
    </ClInclude>
    <ClInclude Include="ThreadPool.h">
      <Filter>Pliki nagłówkowe</Filter>
    </ClInclude>
    <ClInclude Include="InputEnums.h">
      <Filter>Pliki nagłówkowe\Input</Filter>
    </ClInclude>
    <ClInclude Include="InputEvent.h">
      <Filter>Pliki nagłówkowe\Input</Filter>
    </ClInclude>
    <ClInclude Include="AnimGraph.h">
      <Filter>Pliki nagłówkowe\Graph</Filter>
    </ClInclude>
    <ClInclude Include="SystemGraph.h">
      <Filter>Pliki nagłówkowe</Filter>
    </ClInclude>
    <ClInclude Include="Animation\Animation.h">
      <Filter>Pliki nagłówkowe\Animation</Filter>
    </ClInclude>
    <ClInclude Include="Animation\AnimHelpers.h">
      <Filter>Pliki nagłówkowe\Animation</Filter>
    </ClInclude>
    <ClInclude Include="Animation\AssimpNodeData.h">
      <Filter>Pliki nagłówkowe\Animation</Filter>
    </ClInclude>
    <ClInclude Include="Animation\Bone.h">
      <Filter>Pliki nagłówkowe\Animation</Filter>
    </ClInclude>
    <ClInclude Include="Interpolation.h">
      <Filter>Pliki nagłówkowe\Animation</Filter>
    </ClInclude>
    <ClInclude Include="MeshData.h">
      <Filter>Pliki nagłówkowe</Filter>
    </ClInclude>
    <ClInclude Include="SkeletalMeshData.h">
      <Filter>Pliki nagłówkowe</Filter>
    </ClInclude>
    <ClInclude Include="StaticMeshData.h">
      <Filter>Pliki nagłówkowe</Filter>
    </ClInclude>
    <ClInclude Include="vaoutils.h">
      <Filter>Pliki nagłówkowe</Filter>
    </ClInclude>
    <ClInclude Include="PhysicsWorld.h">
      <Filter>Pliki nagłówkowe</Filter>
    </ClInclude>
    <ClInclude Include="PhysicsQuerryStructs.h">
      <Filter>Pliki nagłówkowe</Filter>
    </ClInclude>
    <ClInclude Include="GameLayer.h">
      <Filter>Pliki nagłówkowe</Filter>
    </ClInclude>
    <ClInclude Include="ModuleLoader.h">
      <Filter>Pliki nagłówkowe</Filter>
    </ClInclude>
  </ItemGroup>
</Project>